
Microsoft Visual Studio Solution File, Format Version 12.00
# Visual Studio Version 16
VisualStudioVersion = 25.0.1706.9
MinimumVisualStudioVersion = 10.0.40219.1
Project("{FAE04EC0-301F-11D3-BF4B-00C04F79EFBC}") = "odev_3", "odev_3\odev_3.csproj", "{62E41307-2602-42C6-A92E-45FD095B293C}"
EndProject
Global
	GlobalSection(SolutionConfigurationPlatforms) = preSolution
		Debug|Any CPU = Debug|Any CPU
		Release|Any CPU = Release|Any CPU
	EndGlobalSection
	GlobalSection(ProjectConfigurationPlatforms) = postSolution
		{62E41307-2602-42C6-A92E-45FD095B293C}.Debug|Any CPU.ActiveCfg = Debug|Any CPU
		{62E41307-2602-42C6-A92E-45FD095B293C}.Debug|Any CPU.Build.0 = Debug|Any CPU
		{62E41307-2602-42C6-A92E-45FD095B293C}.Release|Any CPU.ActiveCfg = Release|Any CPU
		{62E41307-2602-42C6-A92E-45FD095B293C}.Release|Any CPU.Build.0 = Release|Any CPU
	EndGlobalSection
	GlobalSection(SolutionProperties) = preSolution
		HideSolutionNode = FALSE
	EndGlobalSection
	GlobalSection(ExtensibilityGlobals) = postSolution
		SolutionGuid = {821758C7-56D9-4C19-9AB3-9F5B5CB0A498}
	EndGlobalSection
EndGlobal
